
Microsoft Visual Studio Solution File, Format Version 12.00
# Visual Studio Version 16
VisualStudioVersion = 16.0.30114.105
MinimumVisualStudioVersion = 10.0.40219.1
Project("{FAE04EC0-301F-11D3-BF4B-00C04F79EFBC}") = "API", "API\API.csproj", "{368F0C0C-E09B-4642-A52C-15C461F07EAF}"
EndProject
Project("{FAE04EC0-301F-11D3-BF4B-00C04F79EFBC}") = "Application", "Application\Application.csproj", "{8DA39165-649F-46D0-9C5D-47C0DD2FDADA}"
EndProject
Project("{FAE04EC0-301F-11D3-BF4B-00C04F79EFBC}") = "Persistence", "Persistence\Persistence.csproj", "{41C15CC7-9D34-42E5-9282-182CA9DEDBA3}"
EndProject
Project("{FAE04EC0-301F-11D3-BF4B-00C04F79EFBC}") = "Domain", "Domain\Domain.csproj", "{F0DE8E35-B377-4210-8D3E-5D1169B5964D}"
EndProject
Project("{FAE04EC0-301F-11D3-BF4B-00C04F79EFBC}") = "Infrastructure", "Infrastructure\Infrastructure.csproj", "{452DCD01-C022-4836-A0E7-342602B0EE97}"
EndProject
Global
	GlobalSection(SolutionConfigurationPlatforms) = preSolution
		Debug|Any CPU = Debug|Any CPU
		Debug|x64 = Debug|x64
		Debug|x86 = Debug|x86
		Release|Any CPU = Release|Any CPU
		Release|x64 = Release|x64
		Release|x86 = Release|x86
	EndGlobalSection
	GlobalSection(SolutionProperties) = preSolution
		HideSolutionNode = FALSE
	EndGlobalSection
	GlobalSection(ProjectConfigurationPlatforms) = postSolution
		{368F0C0C-E09B-4642-A52C-15C461F07EAF}.Debug|Any CPU.ActiveCfg = Debug|Any CPU
		{368F0C0C-E09B-4642-A52C-15C461F07EAF}.Debug|Any CPU.Build.0 = Debug|Any CPU
		{368F0C0C-E09B-4642-A52C-15C461F07EAF}.Debug|x64.ActiveCfg = Debug|Any CPU
		{368F0C0C-E09B-4642-A52C-15C461F07EAF}.Debug|x64.Build.0 = Debug|Any CPU
		{368F0C0C-E09B-4642-A52C-15C461F07EAF}.Debug|x86.ActiveCfg = Debug|Any CPU
		{368F0C0C-E09B-4642-A52C-15C461F07EAF}.Debug|x86.Build.0 = Debug|Any CPU
		{368F0C0C-E09B-4642-A52C-15C461F07EAF}.Release|Any CPU.ActiveCfg = Release|Any CPU
		{368F0C0C-E09B-4642-A52C-15C461F07EAF}.Release|Any CPU.Build.0 = Release|Any CPU
		{368F0C0C-E09B-4642-A52C-15C461F07EAF}.Release|x64.ActiveCfg = Release|Any CPU
		{368F0C0C-E09B-4642-A52C-15C461F07EAF}.Release|x64.Build.0 = Release|Any CPU
		{368F0C0C-E09B-4642-A52C-15C461F07EAF}.Release|x86.ActiveCfg = Release|Any CPU
		{368F0C0C-E09B-4642-A52C-15C461F07EAF}.Release|x86.Build.0 = Release|Any CPU
		{8DA39165-649F-46D0-9C5D-47C0DD2FDADA}.Debug|Any CPU.ActiveCfg = Debug|Any CPU
		{8DA39165-649F-46D0-9C5D-47C0DD2FDADA}.Debug|Any CPU.Build.0 = Debug|Any CPU
		{8DA39165-649F-46D0-9C5D-47C0DD2FDADA}.Debug|x64.ActiveCfg = Debug|Any CPU
		{8DA39165-649F-46D0-9C5D-47C0DD2FDADA}.Debug|x64.Build.0 = Debug|Any CPU
		{8DA39165-649F-46D0-9C5D-47C0DD2FDADA}.Debug|x86.ActiveCfg = Debug|Any CPU
		{8DA39165-649F-46D0-9C5D-47C0DD2FDADA}.Debug|x86.Build.0 = Debug|Any CPU
		{8DA39165-649F-46D0-9C5D-47C0DD2FDADA}.Release|Any CPU.ActiveCfg = Release|Any CPU
		{8DA39165-649F-46D0-9C5D-47C0DD2FDADA}.Release|Any CPU.Build.0 = Release|Any CPU
		{8DA39165-649F-46D0-9C5D-47C0DD2FDADA}.Release|x64.ActiveCfg = Release|Any CPU
		{8DA39165-649F-46D0-9C5D-47C0DD2FDADA}.Release|x64.Build.0 = Release|Any CPU
		{8DA39165-649F-46D0-9C5D-47C0DD2FDADA}.Release|x86.ActiveCfg = Release|Any CPU
		{8DA39165-649F-46D0-9C5D-47C0DD2FDADA}.Release|x86.Build.0 = Release|Any CPU
		{41C15CC7-9D34-42E5-9282-182CA9DEDBA3}.Debug|Any CPU.ActiveCfg = Debug|Any CPU
		{41C15CC7-9D34-42E5-9282-182CA9DEDBA3}.Debug|Any CPU.Build.0 = Debug|Any CPU
		{41C15CC7-9D34-42E5-9282-182CA9DEDBA3}.Debug|x64.ActiveCfg = Debug|Any CPU
		{41C15CC7-9D34-42E5-9282-182CA9DEDBA3}.Debug|x64.Build.0 = Debug|Any CPU
		{41C15CC7-9D34-42E5-9282-182CA9DEDBA3}.Debug|x86.ActiveCfg = Debug|Any CPU
		{41C15CC7-9D34-42E5-9282-182CA9DEDBA3}.Debug|x86.Build.0 = Debug|Any CPU
		{41C15CC7-9D34-42E5-9282-182CA9DEDBA3}.Release|Any CPU.ActiveCfg = Release|Any CPU
		{41C15CC7-9D34-42E5-9282-182CA9DEDBA3}.Release|Any CPU.Build.0 = Release|Any CPU
		{41C15CC7-9D34-42E5-9282-182CA9DEDBA3}.Release|x64.ActiveCfg = Release|Any CPU
		{41C15CC7-9D34-42E5-9282-182CA9DEDBA3}.Release|x64.Build.0 = Release|Any CPU
		{41C15CC7-9D34-42E5-9282-182CA9DEDBA3}.Release|x86.ActiveCfg = Release|Any CPU
		{41C15CC7-9D34-42E5-9282-182CA9DEDBA3}.Release|x86.Build.0 = Release|Any CPU
		{F0DE8E35-B377-4210-8D3E-5D1169B5964D}.Debug|Any CPU.ActiveCfg = Debug|Any CPU
		{F0DE8E35-B377-4210-8D3E-5D1169B5964D}.Debug|Any CPU.Build.0 = Debug|Any CPU
		{F0DE8E35-B377-4210-8D3E-5D1169B5964D}.Debug|x64.ActiveCfg = Debug|Any CPU
		{F0DE8E35-B377-4210-8D3E-5D1169B5964D}.Debug|x64.Build.0 = Debug|Any CPU
		{F0DE8E35-B377-4210-8D3E-5D1169B5964D}.Debug|x86.ActiveCfg = Debug|Any CPU
		{F0DE8E35-B377-4210-8D3E-5D1169B5964D}.Debug|x86.Build.0 = Debug|Any CPU
		{F0DE8E35-B377-4210-8D3E-5D1169B5964D}.Release|Any CPU.ActiveCfg = Release|Any CPU
		{F0DE8E35-B377-4210-8D3E-5D1169B5964D}.Release|Any CPU.Build.0 = Release|Any CPU
		{F0DE8E35-B377-4210-8D3E-5D1169B5964D}.Release|x64.ActiveCfg = Release|Any CPU
		{F0DE8E35-B377-4210-8D3E-5D1169B5964D}.Release|x64.Build.0 = Release|Any CPU
		{F0DE8E35-B377-4210-8D3E-5D1169B5964D}.Release|x86.ActiveCfg = Release|Any CPU
		{F0DE8E35-B377-4210-8D3E-5D1169B5964D}.Release|x86.Build.0 = Release|Any CPU
		{452DCD01-C022-4836-A0E7-342602B0EE97}.Debug|Any CPU.ActiveCfg = Debug|Any CPU
		{452DCD01-C022-4836-A0E7-342602B0EE97}.Debug|Any CPU.Build.0 = Debug|Any CPU
		{452DCD01-C022-4836-A0E7-342602B0EE97}.Debug|x64.ActiveCfg = Debug|Any CPU
		{452DCD01-C022-4836-A0E7-342602B0EE97}.Debug|x64.Build.0 = Debug|Any CPU
		{452DCD01-C022-4836-A0E7-342602B0EE97}.Debug|x86.ActiveCfg = Debug|Any CPU
		{452DCD01-C022-4836-A0E7-342602B0EE97}.Debug|x86.Build.0 = Debug|Any CPU
		{452DCD01-C022-4836-A0E7-342602B0EE97}.Release|Any CPU.ActiveCfg = Release|Any CPU
		{452DCD01-C022-4836-A0E7-342602B0EE97}.Release|Any CPU.Build.0 = Release|Any CPU
		{452DCD01-C022-4836-A0E7-342602B0EE97}.Release|x64.ActiveCfg = Release|Any CPU
		{452DCD01-C022-4836-A0E7-342602B0EE97}.Release|x64.Build.0 = Release|Any CPU
		{452DCD01-C022-4836-A0E7-342602B0EE97}.Release|x86.ActiveCfg = Release|Any CPU
		{452DCD01-C022-4836-A0E7-342602B0EE97}.Release|x86.Build.0 = Release|Any CPU
	EndGlobalSection
EndGlobal
